
Microsoft Visual Studio Solution File, Format Version 12.00
# Visual Studio Version 17
VisualStudioVersion = 17.5.33530.505
MinimumVisualStudioVersion = 10.0.40219.1
Project("{FAE04EC0-301F-11D3-BF4B-00C04F79EFBC}") = "ElasticsearchCodeSearch.Client", "ElasticsearchCodeSearch.Client\ElasticsearchCodeSearch.Client.csproj", "{24F62D5C-EA34-4AD2-AA44-CC31FC86A45A}"
EndProject
Global
	GlobalSection(SolutionConfigurationPlatforms) = preSolution
		Debug|Any CPU = Debug|Any CPU
		Release|Any CPU = Release|Any CPU
	EndGlobalSection
	GlobalSection(ProjectConfigurationPlatforms) = postSolution
		{24F62D5C-EA34-4AD2-AA44-CC31FC86A45A}.Debug|Any CPU.ActiveCfg = Debug|Any CPU
		{24F62D5C-EA34-4AD2-AA44-CC31FC86A45A}.Debug|Any CPU.Build.0 = Debug|Any CPU
		{24F62D5C-EA34-4AD2-AA44-CC31FC86A45A}.Release|Any CPU.ActiveCfg = Release|Any CPU
		{24F62D5C-EA34-4AD2-AA44-CC31FC86A45A}.Release|Any CPU.Build.0 = Release|Any CPU
	EndGlobalSection
	GlobalSection(SolutionProperties) = preSolution
		HideSolutionNode = FALSE
	EndGlobalSection
	GlobalSection(ExtensibilityGlobals) = postSolution
		SolutionGuid = {C08677AB-6C1F-43A5-A50F-F1395DCD8972}
	EndGlobalSection
EndGlobal
